// !$*UTF8*$!
{
	archiveVersion = 1;
	classes = {
	};
	objectVersion = 50;
	objects = {

/* Begin PBXBuildFile section */
		49213B8F2568C45C00E1CE75 /* NewCommentVC.swift in Sources */ = {isa = PBXBuildFile; fileRef = 49213B8E2568C45C00E1CE75 /* NewCommentVC.swift */; };
		4943E123256846BC0051C7F2 /* CommentVC.swift in Sources */ = {isa = PBXBuildFile; fileRef = 4943E122256846BC0051C7F2 /* CommentVC.swift */; };
		4943E12625684D140051C7F2 /* CommentTableCell.swift in Sources */ = {isa = PBXBuildFile; fileRef = 4943E12525684D140051C7F2 /* CommentTableCell.swift */; };
		4943E129256858050051C7F2 /* Comment.swift in Sources */ = {isa = PBXBuildFile; fileRef = 4943E128256858050051C7F2 /* Comment.swift */; };
		49CF8E5A2551E7F50001F326 /* Post.swift in Sources */ = {isa = PBXBuildFile; fileRef = 49CF8E592551E7F50001F326 /* Post.swift */; };
		49CF8E5D2551E8520001F326 /* TimelineTableCell.swift in Sources */ = {isa = PBXBuildFile; fileRef = 49CF8E5C2551E8520001F326 /* TimelineTableCell.swift */; };
		49CF8E612551E9DB0001F326 /* Conversation.swift in Sources */ = {isa = PBXBuildFile; fileRef = 49CF8E602551E9DB0001F326 /* Conversation.swift */; };
		49CF8E642551EA1C0001F326 /* MessageListTableCell.swift in Sources */ = {isa = PBXBuildFile; fileRef = 49CF8E632551EA1C0001F326 /* MessageListTableCell.swift */; };
		49CF8E672551EA8A0001F326 /* Message.swift in Sources */ = {isa = PBXBuildFile; fileRef = 49CF8E662551EA8A0001F326 /* Message.swift */; };
		49CF8E6A2551EABE0001F326 /* MessageViewTableCellSong.swift in Sources */ = {isa = PBXBuildFile; fileRef = 49CF8E692551EABE0001F326 /* MessageViewTableCellSong.swift */; };
		49CF8E6E2551EB210001F326 /* MessageViewVC.swift in Sources */ = {isa = PBXBuildFile; fileRef = 49CF8E6D2551EB210001F326 /* MessageViewVC.swift */; };
		49CF8E712551EB5B0001F326 /* ShareSongVC.swift in Sources */ = {isa = PBXBuildFile; fileRef = 49CF8E702551EB5B0001F326 /* ShareSongVC.swift */; };
		49CF8E752551EBC00001F326 /* UserSearchVC.swift in Sources */ = {isa = PBXBuildFile; fileRef = 49CF8E742551EBC00001F326 /* UserSearchVC.swift */; };
		49DD32E0256DC5DE008B9DF9 /* CreateProfileVC.swift in Sources */ = {isa = PBXBuildFile; fileRef = 49DD32DF256DC5DE008B9DF9 /* CreateProfileVC.swift */; };
		49FC01CA254C9C0600223147 /* NewPostVC.swift in Sources */ = {isa = PBXBuildFile; fileRef = 49FC01C9254C9C0600223147 /* NewPostVC.swift */; };
		D81F29D8256C7C0600A48B43 /* SpotifyWebAPI.swift in Sources */ = {isa = PBXBuildFile; fileRef = D81F29D7256C7C0600A48B43 /* SpotifyWebAPI.swift */; };
		D81F29DC256CB8A400A48B43 /* SongSelectionVC.swift in Sources */ = {isa = PBXBuildFile; fileRef = D81F29DB256CB8A400A48B43 /* SongSelectionVC.swift */; };
		D81F29E0256CBA7C00A48B43 /* SongSelectionTableCell.swift in Sources */ = {isa = PBXBuildFile; fileRef = D81F29DF256CBA7C00A48B43 /* SongSelectionTableCell.swift */; };
		D829752C254A80CE006C87BA /* ProfileVC.swift in Sources */ = {isa = PBXBuildFile; fileRef = D829752B254A80CE006C87BA /* ProfileVC.swift */; };
		D837777725489E17000C1D05 /* ExploreVC.swift in Sources */ = {isa = PBXBuildFile; fileRef = D837777625489E17000C1D05 /* ExploreVC.swift */; };
		D87A877F254B41E6005EBE3C /* SettingsVC.swift in Sources */ = {isa = PBXBuildFile; fileRef = D87A877E254B41E6005EBE3C /* SettingsVC.swift */; };
		D87EF55125315311008EA46A /* AppDelegate.swift in Sources */ = {isa = PBXBuildFile; fileRef = D87EF55025315311008EA46A /* AppDelegate.swift */; };
		D87EF55325315311008EA46A /* SceneDelegate.swift in Sources */ = {isa = PBXBuildFile; fileRef = D87EF55225315311008EA46A /* SceneDelegate.swift */; };
		D87EF55525315311008EA46A /* TimelineVC.swift in Sources */ = {isa = PBXBuildFile; fileRef = D87EF55425315311008EA46A /* TimelineVC.swift */; };
		D87EF55825315311008EA46A /* Main.storyboard in Resources */ = {isa = PBXBuildFile; fileRef = D87EF55625315311008EA46A /* Main.storyboard */; };
		D87EF55A25315314008EA46A /* Assets.xcassets in Resources */ = {isa = PBXBuildFile; fileRef = D87EF55925315314008EA46A /* Assets.xcassets */; };
		D87EF55D25315314008EA46A /* LaunchScreen.storyboard in Resources */ = {isa = PBXBuildFile; fileRef = D87EF55B25315314008EA46A /* LaunchScreen.storyboard */; };
		D8819261256446D4008003E7 /* MessageViewTableCellText.swift in Sources */ = {isa = PBXBuildFile; fileRef = D8819260256446D4008003E7 /* MessageViewTableCellText.swift */; };
		D881926625645BFB008003E7 /* NewMessageVC.swift in Sources */ = {isa = PBXBuildFile; fileRef = D881926525645BFB008003E7 /* NewMessageVC.swift */; };
		D8B90084255210D900DBBD67 /* ExploreTableCell.swift in Sources */ = {isa = PBXBuildFile; fileRef = D8B90083255210D900DBBD67 /* ExploreTableCell.swift */; };
		D8C546952551FE4A00F0B3E3 /* SongView.swift in Sources */ = {isa = PBXBuildFile; fileRef = D8C546942551FE4A00F0B3E3 /* SongView.swift */; };
		D8C546982551FE8200F0B3E3 /* SongView.xib in Resources */ = {isa = PBXBuildFile; fileRef = D8C546972551FE8200F0B3E3 /* SongView.xib */; };
		D8C5F76C256639C300F24165 /* UserSearchTableCell.swift in Sources */ = {isa = PBXBuildFile; fileRef = D8C5F76B256639C300F24165 /* UserSearchTableCell.swift */; };
		D8DF6DFE254A1E10005481D9 /* SharedData.swift in Sources */ = {isa = PBXBuildFile; fileRef = D8DF6DFD254A1E10005481D9 /* SharedData.swift */; };
		D8DF6E01254A1F6B005481D9 /* LoginVC.swift in Sources */ = {isa = PBXBuildFile; fileRef = D8DF6E00254A1F6B005481D9 /* LoginVC.swift */; };
		D8F34BFC2548A87200B5C2A3 /* MessageListVC.swift in Sources */ = {isa = PBXBuildFile; fileRef = D8F34BFB2548A87200B5C2A3 /* MessageListVC.swift */; };
/* End PBXBuildFile section */

/* Begin PBXFileReference section */
		49213B8E2568C45C00E1CE75 /* NewCommentVC.swift */ = {isa = PBXFileReference; lastKnownFileType = sourcecode.swift; path = NewCommentVC.swift; sourceTree = "<group>"; };
		4943E122256846BC0051C7F2 /* CommentVC.swift */ = {isa = PBXFileReference; lastKnownFileType = sourcecode.swift; path = CommentVC.swift; sourceTree = "<group>"; };
		4943E12525684D140051C7F2 /* CommentTableCell.swift */ = {isa = PBXFileReference; lastKnownFileType = sourcecode.swift; path = CommentTableCell.swift; sourceTree = "<group>"; };
		4943E128256858050051C7F2 /* Comment.swift */ = {isa = PBXFileReference; lastKnownFileType = sourcecode.swift; path = Comment.swift; sourceTree = "<group>"; };
		49CF8E592551E7F50001F326 /* Post.swift */ = {isa = PBXFileReference; lastKnownFileType = sourcecode.swift; path = Post.swift; sourceTree = "<group>"; };
		49CF8E5C2551E8520001F326 /* TimelineTableCell.swift */ = {isa = PBXFileReference; lastKnownFileType = sourcecode.swift; path = TimelineTableCell.swift; sourceTree = "<group>"; };
		49CF8E602551E9DB0001F326 /* Conversation.swift */ = {isa = PBXFileReference; lastKnownFileType = sourcecode.swift; path = Conversation.swift; sourceTree = "<group>"; };
		49CF8E632551EA1C0001F326 /* MessageListTableCell.swift */ = {isa = PBXFileReference; lastKnownFileType = sourcecode.swift; path = MessageListTableCell.swift; sourceTree = "<group>"; };
		49CF8E662551EA8A0001F326 /* Message.swift */ = {isa = PBXFileReference; lastKnownFileType = sourcecode.swift; path = Message.swift; sourceTree = "<group>"; };
		49CF8E692551EABE0001F326 /* MessageViewTableCellSong.swift */ = {isa = PBXFileReference; lastKnownFileType = sourcecode.swift; path = MessageViewTableCellSong.swift; sourceTree = "<group>"; };
		49CF8E6D2551EB210001F326 /* MessageViewVC.swift */ = {isa = PBXFileReference; lastKnownFileType = sourcecode.swift; path = MessageViewVC.swift; sourceTree = "<group>"; };
		49CF8E702551EB5B0001F326 /* ShareSongVC.swift */ = {isa = PBXFileReference; lastKnownFileType = sourcecode.swift; path = ShareSongVC.swift; sourceTree = "<group>"; };
		49CF8E742551EBC00001F326 /* UserSearchVC.swift */ = {isa = PBXFileReference; lastKnownFileType = sourcecode.swift; path = UserSearchVC.swift; sourceTree = "<group>"; };
		49DD32DF256DC5DE008B9DF9 /* CreateProfileVC.swift */ = {isa = PBXFileReference; lastKnownFileType = sourcecode.swift; path = CreateProfileVC.swift; sourceTree = "<group>"; };
		49FC01C9254C9C0600223147 /* NewPostVC.swift */ = {isa = PBXFileReference; lastKnownFileType = sourcecode.swift; path = NewPostVC.swift; sourceTree = "<group>"; };
		D81F29D7256C7C0600A48B43 /* SpotifyWebAPI.swift */ = {isa = PBXFileReference; lastKnownFileType = sourcecode.swift; path = SpotifyWebAPI.swift; sourceTree = "<group>"; };
		D81F29DB256CB8A400A48B43 /* SongSelectionVC.swift */ = {isa = PBXFileReference; lastKnownFileType = sourcecode.swift; path = SongSelectionVC.swift; sourceTree = "<group>"; };
		D81F29DF256CBA7C00A48B43 /* SongSelectionTableCell.swift */ = {isa = PBXFileReference; lastKnownFileType = sourcecode.swift; path = SongSelectionTableCell.swift; sourceTree = "<group>"; };
		D829752B254A80CE006C87BA /* ProfileVC.swift */ = {isa = PBXFileReference; lastKnownFileType = sourcecode.swift; path = ProfileVC.swift; sourceTree = "<group>"; };
		D837777625489E17000C1D05 /* ExploreVC.swift */ = {isa = PBXFileReference; lastKnownFileType = sourcecode.swift; path = ExploreVC.swift; sourceTree = "<group>"; };
		D87A877E254B41E6005EBE3C /* SettingsVC.swift */ = {isa = PBXFileReference; lastKnownFileType = sourcecode.swift; path = SettingsVC.swift; sourceTree = "<group>"; };
		D87EF54D25315311008EA46A /* music-sharing-network.app */ = {isa = PBXFileReference; explicitFileType = wrapper.application; includeInIndex = 0; path = "music-sharing-network.app"; sourceTree = BUILT_PRODUCTS_DIR; };
		D87EF55025315311008EA46A /* AppDelegate.swift */ = {isa = PBXFileReference; lastKnownFileType = sourcecode.swift; path = AppDelegate.swift; sourceTree = "<group>"; };
		D87EF55225315311008EA46A /* SceneDelegate.swift */ = {isa = PBXFileReference; lastKnownFileType = sourcecode.swift; path = SceneDelegate.swift; sourceTree = "<group>"; };
		D87EF55425315311008EA46A /* TimelineVC.swift */ = {isa = PBXFileReference; lastKnownFileType = sourcecode.swift; path = TimelineVC.swift; sourceTree = "<group>"; };
		D87EF55725315311008EA46A /* Base */ = {isa = PBXFileReference; lastKnownFileType = file.storyboard; name = Base; path = Base.lproj/Main.storyboard; sourceTree = "<group>"; };
		D87EF55925315314008EA46A /* Assets.xcassets */ = {isa = PBXFileReference; lastKnownFileType = folder.assetcatalog; path = Assets.xcassets; sourceTree = "<group>"; };
		D87EF55C25315314008EA46A /* Base */ = {isa = PBXFileReference; lastKnownFileType = file.storyboard; name = Base; path = Base.lproj/LaunchScreen.storyboard; sourceTree = "<group>"; };
		D87EF55E25315314008EA46A /* Info.plist */ = {isa = PBXFileReference; lastKnownFileType = text.plist.xml; path = Info.plist; sourceTree = "<group>"; };
		D8819260256446D4008003E7 /* MessageViewTableCellText.swift */ = {isa = PBXFileReference; lastKnownFileType = sourcecode.swift; path = MessageViewTableCellText.swift; sourceTree = "<group>"; };
		D881926525645BFB008003E7 /* NewMessageVC.swift */ = {isa = PBXFileReference; lastKnownFileType = sourcecode.swift; path = NewMessageVC.swift; sourceTree = "<group>"; };
		D8B90083255210D900DBBD67 /* ExploreTableCell.swift */ = {isa = PBXFileReference; lastKnownFileType = sourcecode.swift; path = ExploreTableCell.swift; sourceTree = "<group>"; };
		D8C546942551FE4A00F0B3E3 /* SongView.swift */ = {isa = PBXFileReference; lastKnownFileType = sourcecode.swift; path = SongView.swift; sourceTree = "<group>"; };
		D8C546972551FE8200F0B3E3 /* SongView.xib */ = {isa = PBXFileReference; lastKnownFileType = file.xib; path = SongView.xib; sourceTree = "<group>"; };
		D8C5F76B256639C300F24165 /* UserSearchTableCell.swift */ = {isa = PBXFileReference; lastKnownFileType = sourcecode.swift; path = UserSearchTableCell.swift; sourceTree = "<group>"; };
		D8DF6DFD254A1E10005481D9 /* SharedData.swift */ = {isa = PBXFileReference; lastKnownFileType = sourcecode.swift; path = SharedData.swift; sourceTree = "<group>"; };
		D8DF6E00254A1F6B005481D9 /* LoginVC.swift */ = {isa = PBXFileReference; lastKnownFileType = sourcecode.swift; path = LoginVC.swift; sourceTree = "<group>"; };
		D8F34BFB2548A87200B5C2A3 /* MessageListVC.swift */ = {isa = PBXFileReference; lastKnownFileType = sourcecode.swift; path = MessageListVC.swift; sourceTree = "<group>"; };
/* End PBXFileReference section */

/* Begin PBXFrameworksBuildPhase section */
		D87EF54A25315311008EA46A /* Frameworks */ = {
			isa = PBXFrameworksBuildPhase;
			buildActionMask = 2147483647;
			files = (
			);
			runOnlyForDeploymentPostprocessing = 0;
		};
/* End PBXFrameworksBuildPhase section */

/* Begin PBXGroup section */
		D875F8B8256AFF4F00244310 /* Spotify */ = {
			isa = PBXGroup;
			children = (
				D81F29D7256C7C0600A48B43 /* SpotifyWebAPI.swift */,
			);
			name = Spotify;
			sourceTree = "<group>";
		};
		D87EF54425315311008EA46A = {
			isa = PBXGroup;
			children = (
				D87EF54F25315311008EA46A /* music-sharing-network */,
				D87EF54E25315311008EA46A /* Products */,
			);
			sourceTree = "<group>";
		};
		D87EF54E25315311008EA46A /* Products */ = {
			isa = PBXGroup;
			children = (
				D87EF54D25315311008EA46A /* music-sharing-network.app */,
			);
			name = Products;
			sourceTree = "<group>";
		};
		D87EF54F25315311008EA46A /* music-sharing-network */ = {
			isa = PBXGroup;
			children = (
				D87EF55025315311008EA46A /* AppDelegate.swift */,
				D87EF55225315311008EA46A /* SceneDelegate.swift */,
				D875F8B8256AFF4F00244310 /* Spotify */,
				D89B80822551F58000004E7F /* Reusable Components */,
				D89B807E2551F04900004E7F /* Users */,
				D89B807C2551F00000004E7F /* Posts */,
				D89B807F2551F07400004E7F /* Messages */,
				D89B80802551F08400004E7F /* Recommendations */,
				D87EF55625315311008EA46A /* Main.storyboard */,
				D87EF55925315314008EA46A /* Assets.xcassets */,
				D87EF55B25315314008EA46A /* LaunchScreen.storyboard */,
				D87EF55E25315314008EA46A /* Info.plist */,
			);
			path = "music-sharing-network";
			sourceTree = "<group>";
		};
		D89B807C2551F00000004E7F /* Posts */ = {
			isa = PBXGroup;
			children = (
				49CF8E592551E7F50001F326 /* Post.swift */,
				4943E128256858050051C7F2 /* Comment.swift */,
				49CF8E5C2551E8520001F326 /* TimelineTableCell.swift */,
				D87EF55425315311008EA46A /* TimelineVC.swift */,
				D81F29DF256CBA7C00A48B43 /* SongSelectionTableCell.swift */,
				D81F29DB256CB8A400A48B43 /* SongSelectionVC.swift */,
				49FC01C9254C9C0600223147 /* NewPostVC.swift */,
				4943E122256846BC0051C7F2 /* CommentVC.swift */,
				4943E12525684D140051C7F2 /* CommentTableCell.swift */,
				49213B8E2568C45C00E1CE75 /* NewCommentVC.swift */,
			);
			name = Posts;
			sourceTree = "<group>";
		};
		D89B807E2551F04900004E7F /* Users */ = {
			isa = PBXGroup;
			children = (
				D8DF6E00254A1F6B005481D9 /* LoginVC.swift */,
				49DD32DF256DC5DE008B9DF9 /* CreateProfileVC.swift */,
				D8C5F76B256639C300F24165 /* UserSearchTableCell.swift */,
				49CF8E742551EBC00001F326 /* UserSearchVC.swift */,
				D829752B254A80CE006C87BA /* ProfileVC.swift */,
				D87A877E254B41E6005EBE3C /* SettingsVC.swift */,
			);
			name = Users;
			sourceTree = "<group>";
		};
		D89B807F2551F07400004E7F /* Messages */ = {
			isa = PBXGroup;
			children = (
				49CF8E602551E9DB0001F326 /* Conversation.swift */,
				49CF8E662551EA8A0001F326 /* Message.swift */,
				49CF8E632551EA1C0001F326 /* MessageListTableCell.swift */,
				D8F34BFB2548A87200B5C2A3 /* MessageListVC.swift */,
				49CF8E692551EABE0001F326 /* MessageViewTableCellSong.swift */,
				D8819260256446D4008003E7 /* MessageViewTableCellText.swift */,
				49CF8E6D2551EB210001F326 /* MessageViewVC.swift */,
				49CF8E702551EB5B0001F326 /* ShareSongVC.swift */,
				D881926525645BFB008003E7 /* NewMessageVC.swift */,
			);
			name = Messages;
			sourceTree = "<group>";
		};
		D89B80802551F08400004E7F /* Recommendations */ = {
			isa = PBXGroup;
			children = (
				D8B90083255210D900DBBD67 /* ExploreTableCell.swift */,
				D837777625489E17000C1D05 /* ExploreVC.swift */,
			);
			name = Recommendations;
			sourceTree = "<group>";
		};
		D89B80822551F58000004E7F /* Reusable Components */ = {
			isa = PBXGroup;
			children = (
				D8DF6DFD254A1E10005481D9 /* SharedData.swift */,
				D8C546972551FE8200F0B3E3 /* SongView.xib */,
				D8C546942551FE4A00F0B3E3 /* SongView.swift */,
			);
			name = "Reusable Components";
			sourceTree = "<group>";
		};
/* End PBXGroup section */

/* Begin PBXNativeTarget section */
		D87EF54C25315311008EA46A /* music-sharing-network */ = {
			isa = PBXNativeTarget;
			buildConfigurationList = D87EF56125315314008EA46A /* Build configuration list for PBXNativeTarget "music-sharing-network" */;
			buildPhases = (
				D87EF54925315311008EA46A /* Sources */,
				D87EF54A25315311008EA46A /* Frameworks */,
				D87EF54B25315311008EA46A /* Resources */,
			);
			buildRules = (
			);
			dependencies = (
			);
			name = "music-sharing-network";
			productName = "music-sharing-network";
			productReference = D87EF54D25315311008EA46A /* music-sharing-network.app */;
			productType = "com.apple.product-type.application";
		};
/* End PBXNativeTarget section */

/* Begin PBXProject section */
		D87EF54525315311008EA46A /* Project object */ = {
			isa = PBXProject;
			attributes = {
				LastSwiftUpdateCheck = 1200;
				LastUpgradeCheck = 1200;
				TargetAttributes = {
					D87EF54C25315311008EA46A = {
						CreatedOnToolsVersion = 12.0.1;
					};
				};
			};
			buildConfigurationList = D87EF54825315311008EA46A /* Build configuration list for PBXProject "music-sharing-network" */;
			compatibilityVersion = "Xcode 9.3";
			developmentRegion = en;
			hasScannedForEncodings = 0;
			knownRegions = (
				en,
				Base,
			);
			mainGroup = D87EF54425315311008EA46A;
			productRefGroup = D87EF54E25315311008EA46A /* Products */;
			projectDirPath = "";
			projectRoot = "";
			targets = (
				D87EF54C25315311008EA46A /* music-sharing-network */,
			);
		};
/* End PBXProject section */

/* Begin PBXResourcesBuildPhase section */
		D87EF54B25315311008EA46A /* Resources */ = {
			isa = PBXResourcesBuildPhase;
			buildActionMask = 2147483647;
			files = (
				D87EF55D25315314008EA46A /* LaunchScreen.storyboard in Resources */,
				D87EF55A25315314008EA46A /* Assets.xcassets in Resources */,
				D87EF55825315311008EA46A /* Main.storyboard in Resources */,
				D8C546982551FE8200F0B3E3 /* SongView.xib in Resources */,
			);
			runOnlyForDeploymentPostprocessing = 0;
		};
/* End PBXResourcesBuildPhase section */

/* Begin PBXSourcesBuildPhase section */
		D87EF54925315311008EA46A /* Sources */ = {
			isa = PBXSourcesBuildPhase;
			buildActionMask = 2147483647;
			files = (
				D81F29DC256CB8A400A48B43 /* SongSelectionVC.swift in Sources */,
				D87EF55525315311008EA46A /* TimelineVC.swift in Sources */,
				D8C5F76C256639C300F24165 /* UserSearchTableCell.swift in Sources */,
				49CF8E712551EB5B0001F326 /* ShareSongVC.swift in Sources */,
				D881926625645BFB008003E7 /* NewMessageVC.swift in Sources */,
				49CF8E5A2551E7F50001F326 /* Post.swift in Sources */,
				D87EF55125315311008EA46A /* AppDelegate.swift in Sources */,
				4943E123256846BC0051C7F2 /* CommentVC.swift in Sources */,
				D8DF6E01254A1F6B005481D9 /* LoginVC.swift in Sources */,
				D837777725489E17000C1D05 /* ExploreVC.swift in Sources */,
				49CF8E5D2551E8520001F326 /* TimelineTableCell.swift in Sources */,
				4943E12625684D140051C7F2 /* CommentTableCell.swift in Sources */,
				49213B8F2568C45C00E1CE75 /* NewCommentVC.swift in Sources */,
				D8B90084255210D900DBBD67 /* ExploreTableCell.swift in Sources */,
				D8C546952551FE4A00F0B3E3 /* SongView.swift in Sources */,
				49FC01CA254C9C0600223147 /* NewPostVC.swift in Sources */,
				D829752C254A80CE006C87BA /* ProfileVC.swift in Sources */,
				49CF8E642551EA1C0001F326 /* MessageListTableCell.swift in Sources */,
				D8F34BFC2548A87200B5C2A3 /* MessageListVC.swift in Sources */,
				D8DF6DFE254A1E10005481D9 /* SharedData.swift in Sources */,
				D8819261256446D4008003E7 /* MessageViewTableCellText.swift in Sources */,
				D87EF55325315311008EA46A /* SceneDelegate.swift in Sources */,
				49CF8E672551EA8A0001F326 /* Message.swift in Sources */,
				49CF8E6A2551EABE0001F326 /* MessageViewTableCellSong.swift in Sources */,
				49CF8E6E2551EB210001F326 /* MessageViewVC.swift in Sources */,
				D81F29D8256C7C0600A48B43 /* SpotifyWebAPI.swift in Sources */,
				D87A877F254B41E6005EBE3C /* SettingsVC.swift in Sources */,
				D81F29E0256CBA7C00A48B43 /* SongSelectionTableCell.swift in Sources */,
				49CF8E612551E9DB0001F326 /* Conversation.swift in Sources */,
				49DD32E0256DC5DE008B9DF9 /* CreateProfileVC.swift in Sources */,
				4943E129256858050051C7F2 /* Comment.swift in Sources */,
				49CF8E752551EBC00001F326 /* UserSearchVC.swift in Sources */,
			);
			runOnlyForDeploymentPostprocessing = 0;
		};
/* End PBXSourcesBuildPhase section */

/* Begin PBXVariantGroup section */
		D87EF55625315311008EA46A /* Main.storyboard */ = {
			isa = PBXVariantGroup;
			children = (
				D87EF55725315311008EA46A /* Base */,
			);
			name = Main.storyboard;
			sourceTree = "<group>";
		};
		D87EF55B25315314008EA46A /* LaunchScreen.storyboard */ = {
			isa = PBXVariantGroup;
			children = (
				D87EF55C25315314008EA46A /* Base */,
			);
			name = LaunchScreen.storyboard;
			sourceTree = "<group>";
		};
/* End PBXVariantGroup section */

/* Begin XCBuildConfiguration section */
		D87EF55F25315314008EA46A /* Debug */ = {
			isa = XCBuildConfiguration;
			buildSettings = {
				ALWAYS_SEARCH_USER_PATHS = NO;
				CLANG_ANALYZER_NONNULL = YES;
				CLANG_ANALYZER_NUMBER_OBJECT_CONVERSION = YES_AGGRESSIVE;
				CLANG_CXX_LANGUAGE_STANDARD = "gnu++14";
				CLANG_CXX_LIBRARY = "libc++";
				CLANG_ENABLE_MODULES = YES;
				CLANG_ENABLE_OBJC_ARC = YES;
				CLANG_ENABLE_OBJC_WEAK = YES;
				CLANG_WARN_BLOCK_CAPTURE_AUTORELEASING = YES;
				CLANG_WARN_BOOL_CONVERSION = YES;
				CLANG_WARN_COMMA = YES;
				CLANG_WARN_CONSTANT_CONVERSION = YES;
				CLANG_WARN_DEPRECATED_OBJC_IMPLEMENTATIONS = YES;
				CLANG_WARN_DIRECT_OBJC_ISA_USAGE = YES_ERROR;
				CLANG_WARN_DOCUMENTATION_COMMENTS = YES;
				CLANG_WARN_EMPTY_BODY = YES;
				CLANG_WARN_ENUM_CONVERSION = YES;
				CLANG_WARN_INFINITE_RECURSION = YES;
				CLANG_WARN_INT_CONVERSION = YES;
				CLANG_WARN_NON_LITERAL_NULL_CONVERSION = YES;
				CLANG_WARN_OBJC_IMPLICIT_RETAIN_SELF = YES;
				CLANG_WARN_OBJC_LITERAL_CONVERSION = YES;
				CLANG_WARN_OBJC_ROOT_CLASS = YES_ERROR;
				CLANG_WARN_QUOTED_INCLUDE_IN_FRAMEWORK_HEADER = YES;
				CLANG_WARN_RANGE_LOOP_ANALYSIS = YES;
				CLANG_WARN_STRICT_PROTOTYPES = YES;
				CLANG_WARN_SUSPICIOUS_MOVE = YES;
				CLANG_WARN_UNGUARDED_AVAILABILITY = YES_AGGRESSIVE;
				CLANG_WARN_UNREACHABLE_CODE = YES;
				CLANG_WARN__DUPLICATE_METHOD_MATCH = YES;
				COPY_PHASE_STRIP = NO;
				DEBUG_INFORMATION_FORMAT = dwarf;
				ENABLE_STRICT_OBJC_MSGSEND = YES;
				ENABLE_TESTABILITY = YES;
				GCC_C_LANGUAGE_STANDARD = gnu11;
				GCC_DYNAMIC_NO_PIC = NO;
				GCC_NO_COMMON_BLOCKS = YES;
				GCC_OPTIMIZATION_LEVEL = 0;
				GCC_PREPROCESSOR_DEFINITIONS = (
					"DEBUG=1",
					"$(inherited)",
				);
				GCC_WARN_64_TO_32_BIT_CONVERSION = YES;
				GCC_WARN_ABOUT_RETURN_TYPE = YES_ERROR;
				GCC_WARN_UNDECLARED_SELECTOR = YES;
				GCC_WARN_UNINITIALIZED_AUTOS = YES_AGGRESSIVE;
				GCC_WARN_UNUSED_FUNCTION = YES;
				GCC_WARN_UNUSED_VARIABLE = YES;
				IPHONEOS_DEPLOYMENT_TARGET = 14.0;
				MTL_ENABLE_DEBUG_INFO = INCLUDE_SOURCE;
				MTL_FAST_MATH = YES;
				ONLY_ACTIVE_ARCH = YES;
				SDKROOT = iphoneos;
				SWIFT_ACTIVE_COMPILATION_CONDITIONS = DEBUG;
				SWIFT_OPTIMIZATION_LEVEL = "-Onone";
			};
			name = Debug;
		};
		D87EF56025315314008EA46A /* Release */ = {
			isa = XCBuildConfiguration;
			buildSettings = {
				ALWAYS_SEARCH_USER_PATHS = NO;
				CLANG_ANALYZER_NONNULL = YES;
				CLANG_ANALYZER_NUMBER_OBJECT_CONVERSION = YES_AGGRESSIVE;
				CLANG_CXX_LANGUAGE_STANDARD = "gnu++14";
				CLANG_CXX_LIBRARY = "libc++";
				CLANG_ENABLE_MODULES = YES;
				CLANG_ENABLE_OBJC_ARC = YES;
				CLANG_ENABLE_OBJC_WEAK = YES;
				CLANG_WARN_BLOCK_CAPTURE_AUTORELEASING = YES;
				CLANG_WARN_BOOL_CONVERSION = YES;
				CLANG_WARN_COMMA = YES;
				CLANG_WARN_CONSTANT_CONVERSION = YES;
				CLANG_WARN_DEPRECATED_OBJC_IMPLEMENTATIONS = YES;
				CLANG_WARN_DIRECT_OBJC_ISA_USAGE = YES_ERROR;
				CLANG_WARN_DOCUMENTATION_COMMENTS = YES;
				CLANG_WARN_EMPTY_BODY = YES;
				CLANG_WARN_ENUM_CONVERSION = YES;
				CLANG_WARN_INFINITE_RECURSION = YES;
				CLANG_WARN_INT_CONVERSION = YES;
				CLANG_WARN_NON_LITERAL_NULL_CONVERSION = YES;
				CLANG_WARN_OBJC_IMPLICIT_RETAIN_SELF = YES;
				CLANG_WARN_OBJC_LITERAL_CONVERSION = YES;
				CLANG_WARN_OBJC_ROOT_CLASS = YES_ERROR;
				CLANG_WARN_QUOTED_INCLUDE_IN_FRAMEWORK_HEADER = YES;
				CLANG_WARN_RANGE_LOOP_ANALYSIS = YES;
				CLANG_WARN_STRICT_PROTOTYPES = YES;
				CLANG_WARN_SUSPICIOUS_MOVE = YES;
				CLANG_WARN_UNGUARDED_AVAILABILITY = YES_AGGRESSIVE;
				CLANG_WARN_UNREACHABLE_CODE = YES;
				CLANG_WARN__DUPLICATE_METHOD_MATCH = YES;
				COPY_PHASE_STRIP = NO;
				DEBUG_INFORMATION_FORMAT = "dwarf-with-dsym";
				ENABLE_NS_ASSERTIONS = NO;
				ENABLE_STRICT_OBJC_MSGSEND = YES;
				GCC_C_LANGUAGE_STANDARD = gnu11;
				GCC_NO_COMMON_BLOCKS = YES;
				GCC_WARN_64_TO_32_BIT_CONVERSION = YES;
				GCC_WARN_ABOUT_RETURN_TYPE = YES_ERROR;
				GCC_WARN_UNDECLARED_SELECTOR = YES;
				GCC_WARN_UNINITIALIZED_AUTOS = YES_AGGRESSIVE;
				GCC_WARN_UNUSED_FUNCTION = YES;
				GCC_WARN_UNUSED_VARIABLE = YES;
				IPHONEOS_DEPLOYMENT_TARGET = 14.0;
				MTL_ENABLE_DEBUG_INFO = NO;
				MTL_FAST_MATH = YES;
				SDKROOT = iphoneos;
				SWIFT_COMPILATION_MODE = wholemodule;
				SWIFT_OPTIMIZATION_LEVEL = "-O";
				VALIDATE_PRODUCT = YES;
			};
			name = Release;
		};
		D87EF56225315314008EA46A /* Debug */ = {
			isa = XCBuildConfiguration;
			buildSettings = {
				ASSETCATALOG_COMPILER_APPICON_NAME = AppIcon;
				ASSETCATALOG_COMPILER_GLOBAL_ACCENT_COLOR_NAME = AccentColor;
				CODE_SIGN_STYLE = Automatic;
				DEVELOPMENT_TEAM = XRS63T59UB;
				FRAMEWORK_SEARCH_PATHS = (
					"$(inherited)",
					"$(PROJECT_DIR)/music-sharing-network",
				);
				INFOPLIST_FILE = "music-sharing-network/Info.plist";
				IPHONEOS_DEPLOYMENT_TARGET = 13.6;
				LD_RUNPATH_SEARCH_PATHS = (
					"$(inherited)",
					"@executable_path/Frameworks",
				);
				OTHER_LDFLAGS = "-ObjC";
				PRODUCT_BUNDLE_IDENTIFIER = "edu.umich.eecs441.music-sharing-network";
				PRODUCT_NAME = "$(TARGET_NAME)";
				SWIFT_VERSION = 5.0;
				TARGETED_DEVICE_FAMILY = 1;
			};
			name = Debug;
		};
		D87EF56325315314008EA46A /* Release */ = {
			isa = XCBuildConfiguration;
			buildSettings = {
				ASSETCATALOG_COMPILER_APPICON_NAME = AppIcon;
				ASSETCATALOG_COMPILER_GLOBAL_ACCENT_COLOR_NAME = AccentColor;
				CODE_SIGN_STYLE = Automatic;
				DEVELOPMENT_TEAM = XRS63T59UB;
				FRAMEWORK_SEARCH_PATHS = (
					"$(inherited)",
					"$(PROJECT_DIR)/music-sharing-network",
				);
				INFOPLIST_FILE = "music-sharing-network/Info.plist";
				IPHONEOS_DEPLOYMENT_TARGET = 13.6;
				LD_RUNPATH_SEARCH_PATHS = (
					"$(inherited)",
					"@executable_path/Frameworks",
				);
				OTHER_LDFLAGS = "-ObjC";
				PRODUCT_BUNDLE_IDENTIFIER = "edu.umich.eecs441.music-sharing-network";
				PRODUCT_NAME = "$(TARGET_NAME)";
				SWIFT_VERSION = 5.0;
				TARGETED_DEVICE_FAMILY = 1;
			};
			name = Release;
		};
/* End XCBuildConfiguration section */

/* Begin XCConfigurationList section */
		D87EF54825315311008EA46A /* Build configuration list for PBXProject "music-sharing-network" */ = {
			isa = XCConfigurationList;
			buildConfigurations = (
				D87EF55F25315314008EA46A /* Debug */,
				D87EF56025315314008EA46A /* Release */,
			);
			defaultConfigurationIsVisible = 0;
			defaultConfigurationName = Release;
		};
		D87EF56125315314008EA46A /* Build configuration list for PBXNativeTarget "music-sharing-network" */ = {
			isa = XCConfigurationList;
			buildConfigurations = (
				D87EF56225315314008EA46A /* Debug */,
				D87EF56325315314008EA46A /* Release */,
			);
			defaultConfigurationIsVisible = 0;
			defaultConfigurationName = Release;
		};
/* End XCConfigurationList section */
	};
	rootObject = D87EF54525315311008EA46A /* Project object */;
}
